
Microsoft Visual Studio Solution File, Format Version 12.00
# Visual Studio 15
VisualStudioVersion = 15.0.28307.168
MinimumVisualStudioVersion = 10.0.40219.1
Project("{FAE04EC0-301F-11D3-BF4B-00C04F79EFBC}") = "Svetofor", "Svetofor\Svetofor.csproj", "{B3D02E93-ECFC-4F71-9D86-DDD7F31B65D2}"
EndProject
Global
	GlobalSection(SolutionConfigurationPlatforms) = preSolution
		Debug|Any CPU = Debug|Any CPU
		Release|Any CPU = Release|Any CPU
	EndGlobalSection
	GlobalSection(ProjectConfigurationPlatforms) = postSolution
		{B3D02E93-ECFC-4F71-9D86-DDD7F31B65D2}.Debug|Any CPU.ActiveCfg = Debug|Any CPU
		{B3D02E93-ECFC-4F71-9D86-DDD7F31B65D2}.Debug|Any CPU.Build.0 = Debug|Any CPU
		{B3D02E93-ECFC-4F71-9D86-DDD7F31B65D2}.Release|Any CPU.ActiveCfg = Release|Any CPU
		{B3D02E93-ECFC-4F71-9D86-DDD7F31B65D2}.Release|Any CPU.Build.0 = Release|Any CPU
	EndGlobalSection
	GlobalSection(SolutionProperties) = preSolution
		HideSolutionNode = FALSE
	EndGlobalSection
	GlobalSection(ExtensibilityGlobals) = postSolution
		SolutionGuid = {C1E510E1-AE06-47AA-8F61-03D88AB09D8D}
	EndGlobalSection
EndGlobal
