
Microsoft Visual Studio Solution File, Format Version 12.00
# Visual Studio 15
VisualStudioVersion = 15.0.28307.168
MinimumVisualStudioVersion = 10.0.40219.1
Project("{FAE04EC0-301F-11D3-BF4B-00C04F79EFBC}") = "TASK", "TASK\TASK.csproj", "{FBEE7134-C9C4-4C65-BFDA-C3AC7583D45E}"
EndProject
Global
	GlobalSection(SolutionConfigurationPlatforms) = preSolution
		Debug|Any CPU = Debug|Any CPU
		Release|Any CPU = Release|Any CPU
	EndGlobalSection
	GlobalSection(ProjectConfigurationPlatforms) = postSolution
		{FBEE7134-C9C4-4C65-BFDA-C3AC7583D45E}.Debug|Any CPU.ActiveCfg = Debug|Any CPU
		{FBEE7134-C9C4-4C65-BFDA-C3AC7583D45E}.Debug|Any CPU.Build.0 = Debug|Any CPU
		{FBEE7134-C9C4-4C65-BFDA-C3AC7583D45E}.Release|Any CPU.ActiveCfg = Release|Any CPU
		{FBEE7134-C9C4-4C65-BFDA-C3AC7583D45E}.Release|Any CPU.Build.0 = Release|Any CPU
	EndGlobalSection
	GlobalSection(SolutionProperties) = preSolution
		HideSolutionNode = FALSE
	EndGlobalSection
	GlobalSection(ExtensibilityGlobals) = postSolution
		SolutionGuid = {B0837E24-0F54-4C0D-A1D4-48DB45392B35}
	EndGlobalSection
EndGlobal
